// !$*UTF8*$!
{
	archiveVersion = 1;
	classes = {
	};
	objectVersion = 56;
	objects = {

/* Begin PBXBuildFile section */
		780BA77D2C1A79AD0036B08B /* MarkAsRead.swift in Sources */ = {isa = PBXBuildFile; fileRef = 780BA77C2C1A79AD0036B08B /* MarkAsRead.swift */; };
		780BA77F2C1C0BF90036B08B /* HapticManager.swift in Sources */ = {isa = PBXBuildFile; fileRef = 780BA77E2C1C0BF90036B08B /* HapticManager.swift */; };
		780BA7822C1FF3860036B08B /* Communicating Effectively.txt in Resources */ = {isa = PBXBuildFile; fileRef = 780BA7812C1FF3860036B08B /* Communicating Effectively.txt */; };
		780BA7842C2007890036B08B /* ReviewRequestManager.swift in Sources */ = {isa = PBXBuildFile; fileRef = 780BA7832C2007890036B08B /* ReviewRequestManager.swift */; };
		781C5B0F2BDF2BAD00FB394B /* AlertView.swift in Sources */ = {isa = PBXBuildFile; fileRef = 781C5B0E2BDF2BAD00FB394B /* AlertView.swift */; };
		781C5B112BDF6A3000FB394B /* EditingView.swift in Sources */ = {isa = PBXBuildFile; fileRef = 781C5B102BDF6A3000FB394B /* EditingView.swift */; };
		781C5B142BE06EEB00FB394B /* Headlines.json in Resources */ = {isa = PBXBuildFile; fileRef = 781C5B132BE06EEB00FB394B /* Headlines.json */; };
		781C5B162BE0732400FB394B /* WebService.swift in Sources */ = {isa = PBXBuildFile; fileRef = 781C5B152BE0732400FB394B /* WebService.swift */; };
		781C5B1A2BE075A700FB394B /* MockDataService.swift in Sources */ = {isa = PBXBuildFile; fileRef = 781C5B192BE075A700FB394B /* MockDataService.swift */; };
		781C5B1D2BE0768600FB394B /* Extension.swift in Sources */ = {isa = PBXBuildFile; fileRef = 781C5B1C2BE0768600FB394B /* Extension.swift */; };
		781C5B1F2BE078C700FB394B /* HeadlineView.swift in Sources */ = {isa = PBXBuildFile; fileRef = 781C5B1E2BE078C700FB394B /* HeadlineView.swift */; };
		781C5B212BE0791100FB394B /* Headline.swift in Sources */ = {isa = PBXBuildFile; fileRef = 781C5B202BE0791100FB394B /* Headline.swift */; };
		781C5B232BE1C3A300FB394B /* PhotoPickerVM.swift in Sources */ = {isa = PBXBuildFile; fileRef = 781C5B222BE1C3A300FB394B /* PhotoPickerVM.swift */; };
		781C5B252BE1C43A00FB394B /* PhotoPickerView.swift in Sources */ = {isa = PBXBuildFile; fileRef = 781C5B242BE1C43A00FB394B /* PhotoPickerView.swift */; };
		7825C1112BEDF9130049E53D /* AllWordsView.swift in Sources */ = {isa = PBXBuildFile; fileRef = 7825C1102BEDF9130049E53D /* AllWordsView.swift */; };
		7837A8472C06AD5900104E5E /* testing.json in Resources */ = {isa = PBXBuildFile; fileRef = 7837A8462C06AD5900104E5E /* testing.json */; };
		7837A8492C096E0900104E5E /* ProgressHeadLineView.swift in Sources */ = {isa = PBXBuildFile; fileRef = 7837A8482C096E0900104E5E /* ProgressHeadLineView.swift */; };
		785664C62BD66FBF008A9EF1 /* BookwormApp.swift in Sources */ = {isa = PBXBuildFile; fileRef = 785664C52BD66FBF008A9EF1 /* BookwormApp.swift */; };
		785664C82BD66FBF008A9EF1 /* HomeView.swift in Sources */ = {isa = PBXBuildFile; fileRef = 785664C72BD66FBF008A9EF1 /* HomeView.swift */; };
		785664CA2BD66FC1008A9EF1 /* Assets.xcassets in Resources */ = {isa = PBXBuildFile; fileRef = 785664C92BD66FC1008A9EF1 /* Assets.xcassets */; };
		785664CD2BD66FC1008A9EF1 /* Preview Assets.xcassets in Resources */ = {isa = PBXBuildFile; fileRef = 785664CC2BD66FC1008A9EF1 /* Preview Assets.xcassets */; };
		785664D42BD6728A008A9EF1 /* WebView.swift in Sources */ = {isa = PBXBuildFile; fileRef = 785664D32BD6728A008A9EF1 /* WebView.swift */; };
		785664D82BD71C0F008A9EF1 /* DefinitionView.swift in Sources */ = {isa = PBXBuildFile; fileRef = 785664D72BD71C0F008A9EF1 /* DefinitionView.swift */; };
		785664DA2BD871C1008A9EF1 /* ShortcutView.swift in Sources */ = {isa = PBXBuildFile; fileRef = 785664D92BD871C1008A9EF1 /* ShortcutView.swift */; };
		785664DE2BD88240008A9EF1 /* Link.swift in Sources */ = {isa = PBXBuildFile; fileRef = 785664DD2BD88240008A9EF1 /* Link.swift */; };
		785664E12BD88356008A9EF1 /* HomeVM.swift in Sources */ = {isa = PBXBuildFile; fileRef = 785664E02BD88356008A9EF1 /* HomeVM.swift */; };
		785664E32BD8E13B008A9EF1 /* AddOrEditLinkView.swift in Sources */ = {isa = PBXBuildFile; fileRef = 785664E22BD8E13B008A9EF1 /* AddOrEditLinkView.swift */; };
		7863F3E72C0AF5F000EE828B /* GoogleMobileAds in Frameworks */ = {isa = PBXBuildFile; productRef = 7863F3E62C0AF5F000EE828B /* GoogleMobileAds */; };
		7863F3ED2C0AF93300EE828B /* RewardAdsManager.swift in Sources */ = {isa = PBXBuildFile; fileRef = 7863F3EC2C0AF93300EE828B /* RewardAdsManager.swift */; };
		787AD29B2C00416E00910ADD /* Shortcut.swift in Sources */ = {isa = PBXBuildFile; fileRef = 787AD29A2C00416E00910ADD /* Shortcut.swift */; };
		788B03672C0D323E006338B3 /* RewardedView.swift in Sources */ = {isa = PBXBuildFile; fileRef = 788B03662C0D323E006338B3 /* RewardedView.swift */; };
		788B03692C0D91AB006338B3 /* WordRequestCounterView.swift in Sources */ = {isa = PBXBuildFile; fileRef = 788B03682C0D91AB006338B3 /* WordRequestCounterView.swift */; };
		788B036D2C0DD034006338B3 /* RequestManager.swift in Sources */ = {isa = PBXBuildFile; fileRef = 788B036C2C0DD034006338B3 /* RequestManager.swift */; };
		788B03792C0E9C77006338B3 /* CustomHeadlinePageControl.swift in Sources */ = {isa = PBXBuildFile; fileRef = 788B03782C0E9C77006338B3 /* CustomHeadlinePageControl.swift */; };
		788B037D2C0EC8FE006338B3 /* StoryReadingView.swift in Sources */ = {isa = PBXBuildFile; fileRef = 788B037C2C0EC8FE006338B3 /* StoryReadingView.swift */; };
		788B037F2C0ED3E2006338B3 /* BannerAdsManager.swift in Sources */ = {isa = PBXBuildFile; fileRef = 788B037E2C0ED3E2006338B3 /* BannerAdsManager.swift */; };
		789D8AB72BE3694F004E0EA5 /* Word.json in Resources */ = {isa = PBXBuildFile; fileRef = 789D8AB62BE3694F004E0EA5 /* Word.json */; };
		789D8AB92BE43959004E0EA5 /* Word.swift in Sources */ = {isa = PBXBuildFile; fileRef = 789D8AB82BE43959004E0EA5 /* Word.swift */; };
		789D8ABB2BE43F92004E0EA5 /* DefinitionVM.swift in Sources */ = {isa = PBXBuildFile; fileRef = 789D8ABA2BE43F92004E0EA5 /* DefinitionVM.swift */; };
		789D8ABE2BE4B250004E0EA5 /* SwiftyJSON in Frameworks */ = {isa = PBXBuildFile; productRef = 789D8ABD2BE4B250004E0EA5 /* SwiftyJSON */; };
		789D8AC02BE70044004E0EA5 /* WordBookView.swift in Sources */ = {isa = PBXBuildFile; fileRef = 789D8ABF2BE70044004E0EA5 /* WordBookView.swift */; };
		789D8AC22BE70252004E0EA5 /* WordBook.swift in Sources */ = {isa = PBXBuildFile; fileRef = 789D8AC12BE70252004E0EA5 /* WordBook.swift */; };
		789D8AC42BE7074F004E0EA5 /* SavedWordsListView.swift in Sources */ = {isa = PBXBuildFile; fileRef = 789D8AC32BE7074F004E0EA5 /* SavedWordsListView.swift */; };
		789D8AC62BE70CB8004E0EA5 /* WordBookVM.swift in Sources */ = {isa = PBXBuildFile; fileRef = 789D8AC52BE70CB8004E0EA5 /* WordBookVM.swift */; };
		789D8AC82BE84A6B004E0EA5 /* TabBar.swift in Sources */ = {isa = PBXBuildFile; fileRef = 789D8AC72BE84A6B004E0EA5 /* TabBar.swift */; };
		78B99B702C0FF04800988955 /* DailyStoryListView.swift in Sources */ = {isa = PBXBuildFile; fileRef = 78B99B6F2C0FF04800988955 /* DailyStoryListView.swift */; };
		78B99B722C102EEB00988955 /* BookRowView.swift in Sources */ = {isa = PBXBuildFile; fileRef = 78B99B712C102EEB00988955 /* BookRowView.swift */; };
		78B99B752C102FA000988955 /* Excerpt from The Time Machine.txt in Resources */ = {isa = PBXBuildFile; fileRef = 78B99B742C102FA000988955 /* Excerpt from The Time Machine.txt */; };
		78B99B772C1033E700988955 /* Book.swift in Sources */ = {isa = PBXBuildFile; fileRef = 78B99B762C1033E700988955 /* Book.swift */; };
		78B99B792C10365F00988955 /* The Gift of The Magi.txt in Resources */ = {isa = PBXBuildFile; fileRef = 78B99B782C10365F00988955 /* The Gift of The Magi.txt */; };
		78B99B7B2C10367000988955 /* That Confidence (Courage) is Not Inconsistent with Caution.txt in Resources */ = {isa = PBXBuildFile; fileRef = 78B99B7A2C10367000988955 /* That Confidence (Courage) is Not Inconsistent with Caution.txt */; };
		78B99B7D2C10367C00988955 /* Friendships.txt in Resources */ = {isa = PBXBuildFile; fileRef = 78B99B7C2C10367C00988955 /* Friendships.txt */; };
		78B99B7F2C1129AC00988955 /* StoryReadingVM.swift in Sources */ = {isa = PBXBuildFile; fileRef = 78B99B7E2C1129AC00988955 /* StoryReadingVM.swift */; };
		78B99B812C1438A600988955 /* SplashView.swift in Sources */ = {isa = PBXBuildFile; fileRef = 78B99B802C1438A600988955 /* SplashView.swift */; };
		78B99B842C1464DC00988955 /* CreateWordBookTip.swift in Sources */ = {isa = PBXBuildFile; fileRef = 78B99B832C1464DC00988955 /* CreateWordBookTip.swift */; };
		78B99B862C146FAD00988955 /* SwipeActionInWordBookTip.swift in Sources */ = {isa = PBXBuildFile; fileRef = 78B99B852C146FAD00988955 /* SwipeActionInWordBookTip.swift */; };
		78B99B882C147B6000988955 /* SwipeActionInAddOrEditLinkTip.swift in Sources */ = {isa = PBXBuildFile; fileRef = 78B99B872C147B6000988955 /* SwipeActionInAddOrEditLinkTip.swift */; };
		78B99B8A2C14889900988955 /* DictionaryTip.swift in Sources */ = {isa = PBXBuildFile; fileRef = 78B99B892C14889900988955 /* DictionaryTip.swift */; };
		78B99B8C2C148CFD00988955 /* RequestCounterTip.swift in Sources */ = {isa = PBXBuildFile; fileRef = 78B99B8B2C148CFD00988955 /* RequestCounterTip.swift */; };
		78B99B912C168FFC00988955 /* Localizable.strings in Resources */ = {isa = PBXBuildFile; fileRef = 78B99B8F2C168FFC00988955 /* Localizable.strings */; };
		78B99B982C16C11C00988955 /* Localization.swift in Sources */ = {isa = PBXBuildFile; fileRef = 78B99B972C16C11C00988955 /* Localization.swift */; };
		78B99B9B2C187E4E00988955 /* DeviceType.swift in Sources */ = {isa = PBXBuildFile; fileRef = 78B99B9A2C187E4E00988955 /* DeviceType.swift */; };
		78B99B9D2C19564300988955 /* DeviceInfo.swift in Sources */ = {isa = PBXBuildFile; fileRef = 78B99B9C2C19564300988955 /* DeviceInfo.swift */; };
		78B99B9F2C197E0A00988955 /* GoogleService-Info.plist in Resources */ = {isa = PBXBuildFile; fileRef = 78B99B9E2C197E0A00988955 /* GoogleService-Info.plist */; };
		78B99BA22C19801700988955 /* FirebaseAnalytics in Frameworks */ = {isa = PBXBuildFile; productRef = 78B99BA12C19801700988955 /* FirebaseAnalytics */; };
		78B99BA62C198D0000988955 /* AdSupport.framework in Frameworks */ = {isa = PBXBuildFile; fileRef = 78B99BA52C198D0000988955 /* AdSupport.framework */; };
		78B99BA82C198D7F00988955 /* AnalyticsManager.swift in Sources */ = {isa = PBXBuildFile; fileRef = 78B99BA72C198D7F00988955 /* AnalyticsManager.swift */; };
		78CD1E482C22ACE000EDA4AE /* Readme_Images.xcassets in Resources */ = {isa = PBXBuildFile; fileRef = 78CD1E472C22ACE000EDA4AE /* Readme_Images.xcassets */; };
		78CD1E4A2C239B1800EDA4AE /* README.md in Resources */ = {isa = PBXBuildFile; fileRef = 78CD1E492C239B1800EDA4AE /* README.md */; };
		78FE73022BF76DDA006A23D4 /* CustomDialogView.swift in Sources */ = {isa = PBXBuildFile; fileRef = 78FE73012BF76DDA006A23D4 /* CustomDialogView.swift */; };
		78FE73042BF891DB006A23D4 /* LoadingStateManager.swift in Sources */ = {isa = PBXBuildFile; fileRef = 78FE73032BF891DB006A23D4 /* LoadingStateManager.swift */; };
		78FE730A2BFBFDBC006A23D4 /* ProgressVM.swift in Sources */ = {isa = PBXBuildFile; fileRef = 78FE73092BFBFDBC006A23D4 /* ProgressVM.swift */; };
/* End PBXBuildFile section */

/* Begin PBXFileReference section */
		780BA77C2C1A79AD0036B08B /* MarkAsRead.swift */ = {isa = PBXFileReference; lastKnownFileType = sourcecode.swift; path = MarkAsRead.swift; sourceTree = "<group>"; };
		780BA77E2C1C0BF90036B08B /* HapticManager.swift */ = {isa = PBXFileReference; lastKnownFileType = sourcecode.swift; path = HapticManager.swift; sourceTree = "<group>"; };
		780BA7812C1FF3860036B08B /* Communicating Effectively.txt */ = {isa = PBXFileReference; fileEncoding = 4; lastKnownFileType = text; path = "Communicating Effectively.txt"; sourceTree = "<group>"; };
		780BA7832C2007890036B08B /* ReviewRequestManager.swift */ = {isa = PBXFileReference; lastKnownFileType = sourcecode.swift; path = ReviewRequestManager.swift; sourceTree = "<group>"; };
		781C5B0E2BDF2BAD00FB394B /* AlertView.swift */ = {isa = PBXFileReference; lastKnownFileType = sourcecode.swift; path = AlertView.swift; sourceTree = "<group>"; };
		781C5B102BDF6A3000FB394B /* EditingView.swift */ = {isa = PBXFileReference; lastKnownFileType = sourcecode.swift; path = EditingView.swift; sourceTree = "<group>"; };
		781C5B132BE06EEB00FB394B /* Headlines.json */ = {isa = PBXFileReference; lastKnownFileType = text.json; path = Headlines.json; sourceTree = "<group>"; };
		781C5B152BE0732400FB394B /* WebService.swift */ = {isa = PBXFileReference; lastKnownFileType = sourcecode.swift; path = WebService.swift; sourceTree = "<group>"; };
		781C5B192BE075A700FB394B /* MockDataService.swift */ = {isa = PBXFileReference; lastKnownFileType = sourcecode.swift; path = MockDataService.swift; sourceTree = "<group>"; };
		781C5B1C2BE0768600FB394B /* Extension.swift */ = {isa = PBXFileReference; lastKnownFileType = sourcecode.swift; path = Extension.swift; sourceTree = "<group>"; };
		781C5B1E2BE078C700FB394B /* HeadlineView.swift */ = {isa = PBXFileReference; lastKnownFileType = sourcecode.swift; path = HeadlineView.swift; sourceTree = "<group>"; };
		781C5B202BE0791100FB394B /* Headline.swift */ = {isa = PBXFileReference; lastKnownFileType = sourcecode.swift; path = Headline.swift; sourceTree = "<group>"; };
		781C5B222BE1C3A300FB394B /* PhotoPickerVM.swift */ = {isa = PBXFileReference; lastKnownFileType = sourcecode.swift; path = PhotoPickerVM.swift; sourceTree = "<group>"; };
		781C5B242BE1C43A00FB394B /* PhotoPickerView.swift */ = {isa = PBXFileReference; lastKnownFileType = sourcecode.swift; path = PhotoPickerView.swift; sourceTree = "<group>"; };
		7825C1102BEDF9130049E53D /* AllWordsView.swift */ = {isa = PBXFileReference; lastKnownFileType = sourcecode.swift; path = AllWordsView.swift; sourceTree = "<group>"; };
		7837A8462C06AD5900104E5E /* testing.json */ = {isa = PBXFileReference; lastKnownFileType = text.json; path = testing.json; sourceTree = "<group>"; };
		7837A8482C096E0900104E5E /* ProgressHeadLineView.swift */ = {isa = PBXFileReference; lastKnownFileType = sourcecode.swift; path = ProgressHeadLineView.swift; sourceTree = "<group>"; };
		785664C22BD66FBF008A9EF1 /* Bookworm.app */ = {isa = PBXFileReference; explicitFileType = wrapper.application; includeInIndex = 0; path = Bookworm.app; sourceTree = BUILT_PRODUCTS_DIR; };
		785664C52BD66FBF008A9EF1 /* BookwormApp.swift */ = {isa = PBXFileReference; lastKnownFileType = sourcecode.swift; path = BookwormApp.swift; sourceTree = "<group>"; };
		785664C72BD66FBF008A9EF1 /* HomeView.swift */ = {isa = PBXFileReference; lastKnownFileType = sourcecode.swift; path = HomeView.swift; sourceTree = "<group>"; };
		785664C92BD66FC1008A9EF1 /* Assets.xcassets */ = {isa = PBXFileReference; lastKnownFileType = folder.assetcatalog; path = Assets.xcassets; sourceTree = "<group>"; };
		785664CC2BD66FC1008A9EF1 /* Preview Assets.xcassets */ = {isa = PBXFileReference; lastKnownFileType = folder.assetcatalog; path = "Preview Assets.xcassets"; sourceTree = "<group>"; };
		785664D32BD6728A008A9EF1 /* WebView.swift */ = {isa = PBXFileReference; lastKnownFileType = sourcecode.swift; path = WebView.swift; sourceTree = "<group>"; };
		785664D72BD71C0F008A9EF1 /* DefinitionView.swift */ = {isa = PBXFileReference; lastKnownFileType = sourcecode.swift; path = DefinitionView.swift; sourceTree = "<group>"; };
		785664D92BD871C1008A9EF1 /* ShortcutView.swift */ = {isa = PBXFileReference; lastKnownFileType = sourcecode.swift; path = ShortcutView.swift; sourceTree = "<group>"; };
		785664DD2BD88240008A9EF1 /* Link.swift */ = {isa = PBXFileReference; lastKnownFileType = sourcecode.swift; path = Link.swift; sourceTree = "<group>"; };
		785664E02BD88356008A9EF1 /* HomeVM.swift */ = {isa = PBXFileReference; lastKnownFileType = sourcecode.swift; path = HomeVM.swift; sourceTree = "<group>"; };
		785664E22BD8E13B008A9EF1 /* AddOrEditLinkView.swift */ = {isa = PBXFileReference; lastKnownFileType = sourcecode.swift; path = AddOrEditLinkView.swift; sourceTree = "<group>"; };
		7863F3E82C0AF69100EE828B /* Info.plist */ = {isa = PBXFileReference; lastKnownFileType = text.plist; path = Info.plist; sourceTree = "<group>"; };
		7863F3EC2C0AF93300EE828B /* RewardAdsManager.swift */ = {isa = PBXFileReference; lastKnownFileType = sourcecode.swift; path = RewardAdsManager.swift; sourceTree = "<group>"; };
		787AD29A2C00416E00910ADD /* Shortcut.swift */ = {isa = PBXFileReference; lastKnownFileType = sourcecode.swift; path = Shortcut.swift; sourceTree = "<group>"; };
		788B03652C0C69D9006338B3 /* Config.xcconfig */ = {isa = PBXFileReference; lastKnownFileType = text.xcconfig; path = Config.xcconfig; sourceTree = "<group>"; };
		788B03662C0D323E006338B3 /* RewardedView.swift */ = {isa = PBXFileReference; lastKnownFileType = sourcecode.swift; path = RewardedView.swift; sourceTree = "<group>"; };
		788B03682C0D91AB006338B3 /* WordRequestCounterView.swift */ = {isa = PBXFileReference; lastKnownFileType = sourcecode.swift; path = WordRequestCounterView.swift; sourceTree = "<group>"; };
		788B036C2C0DD034006338B3 /* RequestManager.swift */ = {isa = PBXFileReference; lastKnownFileType = sourcecode.swift; path = RequestManager.swift; sourceTree = "<group>"; };
		788B03782C0E9C77006338B3 /* CustomHeadlinePageControl.swift */ = {isa = PBXFileReference; lastKnownFileType = sourcecode.swift; path = CustomHeadlinePageControl.swift; sourceTree = "<group>"; };
		788B037C2C0EC8FE006338B3 /* StoryReadingView.swift */ = {isa = PBXFileReference; lastKnownFileType = sourcecode.swift; path = StoryReadingView.swift; sourceTree = "<group>"; };
		788B037E2C0ED3E2006338B3 /* BannerAdsManager.swift */ = {isa = PBXFileReference; lastKnownFileType = sourcecode.swift; path = BannerAdsManager.swift; sourceTree = "<group>"; };
		789D8AB62BE3694F004E0EA5 /* Word.json */ = {isa = PBXFileReference; lastKnownFileType = text.json; path = Word.json; sourceTree = "<group>"; };
		789D8AB82BE43959004E0EA5 /* Word.swift */ = {isa = PBXFileReference; lastKnownFileType = sourcecode.swift; path = Word.swift; sourceTree = "<group>"; };
		789D8ABA2BE43F92004E0EA5 /* DefinitionVM.swift */ = {isa = PBXFileReference; lastKnownFileType = sourcecode.swift; path = DefinitionVM.swift; sourceTree = "<group>"; };
		789D8ABF2BE70044004E0EA5 /* WordBookView.swift */ = {isa = PBXFileReference; lastKnownFileType = sourcecode.swift; path = WordBookView.swift; sourceTree = "<group>"; };
		789D8AC12BE70252004E0EA5 /* WordBook.swift */ = {isa = PBXFileReference; lastKnownFileType = sourcecode.swift; path = WordBook.swift; sourceTree = "<group>"; };
		789D8AC32BE7074F004E0EA5 /* SavedWordsListView.swift */ = {isa = PBXFileReference; lastKnownFileType = sourcecode.swift; path = SavedWordsListView.swift; sourceTree = "<group>"; };
		789D8AC52BE70CB8004E0EA5 /* WordBookVM.swift */ = {isa = PBXFileReference; lastKnownFileType = sourcecode.swift; path = WordBookVM.swift; sourceTree = "<group>"; };
		789D8AC72BE84A6B004E0EA5 /* TabBar.swift */ = {isa = PBXFileReference; lastKnownFileType = sourcecode.swift; path = TabBar.swift; sourceTree = "<group>"; };
		78B99B6F2C0FF04800988955 /* DailyStoryListView.swift */ = {isa = PBXFileReference; lastKnownFileType = sourcecode.swift; path = DailyStoryListView.swift; sourceTree = "<group>"; };
		78B99B712C102EEB00988955 /* BookRowView.swift */ = {isa = PBXFileReference; lastKnownFileType = sourcecode.swift; path = BookRowView.swift; sourceTree = "<group>"; };
		78B99B742C102FA000988955 /* Excerpt from The Time Machine.txt */ = {isa = PBXFileReference; fileEncoding = 4; lastKnownFileType = text; path = "Excerpt from The Time Machine.txt"; sourceTree = "<group>"; };
		78B99B762C1033E700988955 /* Book.swift */ = {isa = PBXFileReference; lastKnownFileType = sourcecode.swift; path = Book.swift; sourceTree = "<group>"; };
		78B99B782C10365F00988955 /* The Gift of The Magi.txt */ = {isa = PBXFileReference; fileEncoding = 4; lastKnownFileType = text; path = "The Gift of The Magi.txt"; sourceTree = "<group>"; };
		78B99B7A2C10367000988955 /* That Confidence (Courage) is Not Inconsistent with Caution.txt */ = {isa = PBXFileReference; fileEncoding = 4; lastKnownFileType = text; path = "That Confidence (Courage) is Not Inconsistent with Caution.txt"; sourceTree = "<group>"; };
		78B99B7C2C10367C00988955 /* Friendships.txt */ = {isa = PBXFileReference; fileEncoding = 4; lastKnownFileType = text; path = Friendships.txt; sourceTree = "<group>"; };
		78B99B7E2C1129AC00988955 /* StoryReadingVM.swift */ = {isa = PBXFileReference; lastKnownFileType = sourcecode.swift; path = StoryReadingVM.swift; sourceTree = "<group>"; };
		78B99B802C1438A600988955 /* SplashView.swift */ = {isa = PBXFileReference; lastKnownFileType = sourcecode.swift; path = SplashView.swift; sourceTree = "<group>"; };
		78B99B832C1464DC00988955 /* CreateWordBookTip.swift */ = {isa = PBXFileReference; lastKnownFileType = sourcecode.swift; path = CreateWordBookTip.swift; sourceTree = "<group>"; };
		78B99B852C146FAD00988955 /* SwipeActionInWordBookTip.swift */ = {isa = PBXFileReference; lastKnownFileType = sourcecode.swift; path = SwipeActionInWordBookTip.swift; sourceTree = "<group>"; };
		78B99B872C147B6000988955 /* SwipeActionInAddOrEditLinkTip.swift */ = {isa = PBXFileReference; lastKnownFileType = sourcecode.swift; path = SwipeActionInAddOrEditLinkTip.swift; sourceTree = "<group>"; };
		78B99B892C14889900988955 /* DictionaryTip.swift */ = {isa = PBXFileReference; lastKnownFileType = sourcecode.swift; path = DictionaryTip.swift; sourceTree = "<group>"; };
		78B99B8B2C148CFD00988955 /* RequestCounterTip.swift */ = {isa = PBXFileReference; lastKnownFileType = sourcecode.swift; path = RequestCounterTip.swift; sourceTree = "<group>"; };
		78B99B902C168FFC00988955 /* en */ = {isa = PBXFileReference; lastKnownFileType = text.plist.strings; name = en; path = en.lproj/Localizable.strings; sourceTree = "<group>"; };
		78B99B922C16900600988955 /* fr */ = {isa = PBXFileReference; lastKnownFileType = text.plist.strings; name = fr; path = fr.lproj/Localizable.strings; sourceTree = "<group>"; };
		78B99B932C16906700988955 /* de */ = {isa = PBXFileReference; lastKnownFileType = text.plist.strings; name = de; path = de.lproj/Localizable.strings; sourceTree = "<group>"; };
		78B99B942C16906700988955 /* ja */ = {isa = PBXFileReference; lastKnownFileType = text.plist.strings; name = ja; path = ja.lproj/Localizable.strings; sourceTree = "<group>"; };
		78B99B952C16906800988955 /* ko */ = {isa = PBXFileReference; lastKnownFileType = text.plist.strings; name = ko; path = ko.lproj/Localizable.strings; sourceTree = "<group>"; };
		78B99B962C16906B00988955 /* vi */ = {isa = PBXFileReference; lastKnownFileType = text.plist.strings; name = vi; path = vi.lproj/Localizable.strings; sourceTree = "<group>"; };
		78B99B972C16C11C00988955 /* Localization.swift */ = {isa = PBXFileReference; lastKnownFileType = sourcecode.swift; path = Localization.swift; sourceTree = "<group>"; };
		78B99B9A2C187E4E00988955 /* DeviceType.swift */ = {isa = PBXFileReference; lastKnownFileType = sourcecode.swift; path = DeviceType.swift; sourceTree = "<group>"; };
		78B99B9C2C19564300988955 /* DeviceInfo.swift */ = {isa = PBXFileReference; lastKnownFileType = sourcecode.swift; path = DeviceInfo.swift; sourceTree = "<group>"; };
		78B99B9E2C197E0A00988955 /* GoogleService-Info.plist */ = {isa = PBXFileReference; fileEncoding = 4; lastKnownFileType = text.plist.xml; path = "GoogleService-Info.plist"; sourceTree = "<group>"; };
		78B99BA52C198D0000988955 /* AdSupport.framework */ = {isa = PBXFileReference; lastKnownFileType = wrapper.framework; name = AdSupport.framework; path = System/Library/Frameworks/AdSupport.framework; sourceTree = SDKROOT; };
		78B99BA72C198D7F00988955 /* AnalyticsManager.swift */ = {isa = PBXFileReference; lastKnownFileType = sourcecode.swift; path = AnalyticsManager.swift; sourceTree = "<group>"; };
		78CD1E472C22ACE000EDA4AE /* Readme_Images.xcassets */ = {isa = PBXFileReference; lastKnownFileType = folder.assetcatalog; path = Readme_Images.xcassets; sourceTree = "<group>"; };
		78CD1E492C239B1800EDA4AE /* README.md */ = {isa = PBXFileReference; lastKnownFileType = net.daringfireball.markdown; path = README.md; sourceTree = "<group>"; };
		78FE73012BF76DDA006A23D4 /* CustomDialogView.swift */ = {isa = PBXFileReference; lastKnownFileType = sourcecode.swift; path = CustomDialogView.swift; sourceTree = "<group>"; };
		78FE73032BF891DB006A23D4 /* LoadingStateManager.swift */ = {isa = PBXFileReference; lastKnownFileType = sourcecode.swift; path = LoadingStateManager.swift; sourceTree = "<group>"; };
		78FE73092BFBFDBC006A23D4 /* ProgressVM.swift */ = {isa = PBXFileReference; lastKnownFileType = sourcecode.swift; path = ProgressVM.swift; sourceTree = "<group>"; };
/* End PBXFileReference section */

/* Begin PBXFrameworksBuildPhase section */
		785664BF2BD66FBF008A9EF1 /* Frameworks */ = {
			isa = PBXFrameworksBuildPhase;
			buildActionMask = 2147483647;
			files = (
				7863F3E72C0AF5F000EE828B /* GoogleMobileAds in Frameworks */,
				78B99BA62C198D0000988955 /* AdSupport.framework in Frameworks */,
				789D8ABE2BE4B250004E0EA5 /* SwiftyJSON in Frameworks */,
				78B99BA22C19801700988955 /* FirebaseAnalytics in Frameworks */,
			);
			runOnlyForDeploymentPostprocessing = 0;
		};
/* End PBXFrameworksBuildPhase section */

/* Begin PBXGroup section */
		781C5B122BE0652D00FB394B /* Service */ = {
			isa = PBXGroup;
			children = (
				781C5B152BE0732400FB394B /* WebService.swift */,
				781C5B192BE075A700FB394B /* MockDataService.swift */,
			);
			path = Service;
			sourceTree = "<group>";
		};
		781C5B1B2BE0766500FB394B /* Extension */ = {
			isa = PBXGroup;
			children = (
				781C5B1C2BE0768600FB394B /* Extension.swift */,
			);
			path = Extension;
			sourceTree = "<group>";
		};
		785664B92BD66FBF008A9EF1 = {
			isa = PBXGroup;
			children = (
				78CD1E492C239B1800EDA4AE /* README.md */,
				78B99B992C17C43E00988955 /* Localization */,
				785664C42BD66FBF008A9EF1 /* Bookworm */,
				785664C32BD66FBF008A9EF1 /* Products */,
				78B99BA42C198D0000988955 /* Frameworks */,
			);
			sourceTree = "<group>";
		};
		785664C32BD66FBF008A9EF1 /* Products */ = {
			isa = PBXGroup;
			children = (
				785664C22BD66FBF008A9EF1 /* Bookworm.app */,
			);
			name = Products;
			sourceTree = "<group>";
		};
		785664C42BD66FBF008A9EF1 /* Bookworm */ = {
			isa = PBXGroup;
			children = (
				785664C52BD66FBF008A9EF1 /* BookwormApp.swift */,
				7863F3E82C0AF69100EE828B /* Info.plist */,
				78B99B9E2C197E0A00988955 /* GoogleService-Info.plist */,
				7863F3E92C0AF75300EE828B /* AdMod Ads */,
				78B99BA32C198C7300988955 /* Analytics */,
				785664DB2BD881E2008A9EF1 /* Views */,
				785664DF2BD88313008A9EF1 /* View Models */,
				785664DC2BD881F5008A9EF1 /* Models */,
				781C5B122BE0652D00FB394B /* Service */,
				781C5B1B2BE0766500FB394B /* Extension */,
				78B99B822C14647D00988955 /* Tips */,
				78B99B732C102F5600988955 /* Book files */,
				785664C92BD66FC1008A9EF1 /* Assets.xcassets */,
				78CD1E472C22ACE000EDA4AE /* Readme_Images.xcassets */,
				788B03652C0C69D9006338B3 /* Config.xcconfig */,
				785664CB2BD66FC1008A9EF1 /* Preview Content */,
			);
			path = Bookworm;
			sourceTree = "<group>";
		};
		785664CB2BD66FC1008A9EF1 /* Preview Content */ = {
			isa = PBXGroup;
			children = (
				785664CC2BD66FC1008A9EF1 /* Preview Assets.xcassets */,
			);
			path = "Preview Content";
			sourceTree = "<group>";
		};
		785664DB2BD881E2008A9EF1 /* Views */ = {
			isa = PBXGroup;
			children = (
				78B99B802C1438A600988955 /* SplashView.swift */,
				785664C72BD66FBF008A9EF1 /* HomeView.swift */,
				789D8ABF2BE70044004E0EA5 /* WordBookView.swift */,
				7825C1102BEDF9130049E53D /* AllWordsView.swift */,
				78FE73012BF76DDA006A23D4 /* CustomDialogView.swift */,
				785664E22BD8E13B008A9EF1 /* AddOrEditLinkView.swift */,
				781C5B102BDF6A3000FB394B /* EditingView.swift */,
				785664D92BD871C1008A9EF1 /* ShortcutView.swift */,
				785664D72BD71C0F008A9EF1 /* DefinitionView.swift */,
				789D8AC32BE7074F004E0EA5 /* SavedWordsListView.swift */,
				785664D32BD6728A008A9EF1 /* WebView.swift */,
				781C5B0E2BDF2BAD00FB394B /* AlertView.swift */,
				781C5B1E2BE078C700FB394B /* HeadlineView.swift */,
				781C5B242BE1C43A00FB394B /* PhotoPickerView.swift */,
				7837A8482C096E0900104E5E /* ProgressHeadLineView.swift */,
				788B03662C0D323E006338B3 /* RewardedView.swift */,
				788B03682C0D91AB006338B3 /* WordRequestCounterView.swift */,
				789D8AC72BE84A6B004E0EA5 /* TabBar.swift */,
				788B03782C0E9C77006338B3 /* CustomHeadlinePageControl.swift */,
				78B99B6F2C0FF04800988955 /* DailyStoryListView.swift */,
				788B037C2C0EC8FE006338B3 /* StoryReadingView.swift */,
				78B99B712C102EEB00988955 /* BookRowView.swift */,
			);
			path = Views;
			sourceTree = "<group>";
		};
		785664DC2BD881F5008A9EF1 /* Models */ = {
			isa = PBXGroup;
			children = (
				785664DD2BD88240008A9EF1 /* Link.swift */,
				787AD29A2C00416E00910ADD /* Shortcut.swift */,
				781C5B202BE0791100FB394B /* Headline.swift */,
				789D8AB82BE43959004E0EA5 /* Word.swift */,
				789D8AC12BE70252004E0EA5 /* WordBook.swift */,
				78FE73032BF891DB006A23D4 /* LoadingStateManager.swift */,
				78B99B762C1033E700988955 /* Book.swift */,
				78B99B9A2C187E4E00988955 /* DeviceType.swift */,
				781C5B132BE06EEB00FB394B /* Headlines.json */,
				789D8AB62BE3694F004E0EA5 /* Word.json */,
				7837A8462C06AD5900104E5E /* testing.json */,
			);
			path = Models;
			sourceTree = "<group>";
		};
		785664DF2BD88313008A9EF1 /* View Models */ = {
			isa = PBXGroup;
			children = (
				785664E02BD88356008A9EF1 /* HomeVM.swift */,
				781C5B222BE1C3A300FB394B /* PhotoPickerVM.swift */,
				789D8ABA2BE43F92004E0EA5 /* DefinitionVM.swift */,
				789D8AC52BE70CB8004E0EA5 /* WordBookVM.swift */,
				78FE73092BFBFDBC006A23D4 /* ProgressVM.swift */,
				788B036C2C0DD034006338B3 /* RequestManager.swift */,
				78B99B7E2C1129AC00988955 /* StoryReadingVM.swift */,
				78B99B9C2C19564300988955 /* DeviceInfo.swift */,
				780BA77C2C1A79AD0036B08B /* MarkAsRead.swift */,
				780BA77E2C1C0BF90036B08B /* HapticManager.swift */,
				780BA7832C2007890036B08B /* ReviewRequestManager.swift */,
			);
			path = "View Models";
			sourceTree = "<group>";
		};
		7863F3E92C0AF75300EE828B /* AdMod Ads */ = {
			isa = PBXGroup;
			children = (
				7863F3EC2C0AF93300EE828B /* RewardAdsManager.swift */,
				788B037E2C0ED3E2006338B3 /* BannerAdsManager.swift */,
			);
			path = "AdMod Ads";
			sourceTree = "<group>";
		};
		78B99B732C102F5600988955 /* Book files */ = {
			isa = PBXGroup;
			children = (
				78B99B742C102FA000988955 /* Excerpt from The Time Machine.txt */,
				78B99B782C10365F00988955 /* The Gift of The Magi.txt */,
				78B99B7A2C10367000988955 /* That Confidence (Courage) is Not Inconsistent with Caution.txt */,
				78B99B7C2C10367C00988955 /* Friendships.txt */,
				780BA7812C1FF3860036B08B /* Communicating Effectively.txt */,
			);
			path = "Book files";
			sourceTree = "<group>";
		};
		78B99B822C14647D00988955 /* Tips */ = {
			isa = PBXGroup;
			children = (
				78B99B832C1464DC00988955 /* CreateWordBookTip.swift */,
				78B99B8B2C148CFD00988955 /* RequestCounterTip.swift */,
				78B99B892C14889900988955 /* DictionaryTip.swift */,
				78B99B852C146FAD00988955 /* SwipeActionInWordBookTip.swift */,
				78B99B872C147B6000988955 /* SwipeActionInAddOrEditLinkTip.swift */,
			);
			path = Tips;
			sourceTree = "<group>";
		};
		78B99B992C17C43E00988955 /* Localization */ = {
			isa = PBXGroup;
			children = (
				78B99B972C16C11C00988955 /* Localization.swift */,
				78B99B8F2C168FFC00988955 /* Localizable.strings */,
			);
			path = Localization;
			sourceTree = "<group>";
		};
		78B99BA32C198C7300988955 /* Analytics */ = {
			isa = PBXGroup;
			children = (
				78B99BA72C198D7F00988955 /* AnalyticsManager.swift */,
			);
			path = Analytics;
			sourceTree = "<group>";
		};
		78B99BA42C198D0000988955 /* Frameworks */ = {
			isa = PBXGroup;
			children = (
				78B99BA52C198D0000988955 /* AdSupport.framework */,
			);
			name = Frameworks;
			sourceTree = "<group>";
		};
/* End PBXGroup section */

/* Begin PBXNativeTarget section */
		785664C12BD66FBF008A9EF1 /* Bookworm */ = {
			isa = PBXNativeTarget;
			buildConfigurationList = 785664D02BD66FC1008A9EF1 /* Build configuration list for PBXNativeTarget "Bookworm" */;
			buildPhases = (
				785664BE2BD66FBF008A9EF1 /* Sources */,
				785664BF2BD66FBF008A9EF1 /* Frameworks */,
				785664C02BD66FBF008A9EF1 /* Resources */,
			);
			buildRules = (
			);
			dependencies = (
			);
			name = Bookworm;
			packageProductDependencies = (
				789D8ABD2BE4B250004E0EA5 /* SwiftyJSON */,
				7863F3E62C0AF5F000EE828B /* GoogleMobileAds */,
				78B99BA12C19801700988955 /* FirebaseAnalytics */,
			);
			productName = Bookworm;
			productReference = 785664C22BD66FBF008A9EF1 /* Bookworm.app */;
			productType = "com.apple.product-type.application";
		};
/* End PBXNativeTarget section */

/* Begin PBXProject section */
		785664BA2BD66FBF008A9EF1 /* Project object */ = {
			isa = PBXProject;
			attributes = {
				BuildIndependentTargetsInParallel = 1;
				LastSwiftUpdateCheck = 1520;
				LastUpgradeCheck = 1520;
				TargetAttributes = {
					785664C12BD66FBF008A9EF1 = {
						CreatedOnToolsVersion = 15.2;
					};
				};
			};
			buildConfigurationList = 785664BD2BD66FBF008A9EF1 /* Build configuration list for PBXProject "Bookworm" */;
			compatibilityVersion = "Xcode 14.0";
			developmentRegion = en;
			hasScannedForEncodings = 0;
			knownRegions = (
				en,
				Base,
				ja,
				ko,
				vi,
				de,
				fr,
			);
			mainGroup = 785664B92BD66FBF008A9EF1;
			packageReferences = (
				789D8ABC2BE4B250004E0EA5 /* XCRemoteSwiftPackageReference "SwiftyJSON" */,
				7863F3E52C0AF5F000EE828B /* XCRemoteSwiftPackageReference "swift-package-manager-google-mobile-ads" */,
				78B99BA02C19801700988955 /* XCRemoteSwiftPackageReference "firebase-ios-sdk" */,
			);
			productRefGroup = 785664C32BD66FBF008A9EF1 /* Products */;
			projectDirPath = "";
			projectRoot = "";
			targets = (
				785664C12BD66FBF008A9EF1 /* Bookworm */,
			);
		};
/* End PBXProject section */

/* Begin PBXResourcesBuildPhase section */
		785664C02BD66FBF008A9EF1 /* Resources */ = {
			isa = PBXResourcesBuildPhase;
			buildActionMask = 2147483647;
			files = (
				78B99B792C10365F00988955 /* The Gift of The Magi.txt in Resources */,
				78B99B7D2C10367C00988955 /* Friendships.txt in Resources */,
				781C5B142BE06EEB00FB394B /* Headlines.json in Resources */,
				78B99B7B2C10367000988955 /* That Confidence (Courage) is Not Inconsistent with Caution.txt in Resources */,
				785664CD2BD66FC1008A9EF1 /* Preview Assets.xcassets in Resources */,
				78CD1E482C22ACE000EDA4AE /* Readme_Images.xcassets in Resources */,
				78B99B912C168FFC00988955 /* Localizable.strings in Resources */,
				7837A8472C06AD5900104E5E /* testing.json in Resources */,
				785664CA2BD66FC1008A9EF1 /* Assets.xcassets in Resources */,
				78B99B9F2C197E0A00988955 /* GoogleService-Info.plist in Resources */,
				78CD1E4A2C239B1800EDA4AE /* README.md in Resources */,
				78B99B752C102FA000988955 /* Excerpt from The Time Machine.txt in Resources */,
				780BA7822C1FF3860036B08B /* Communicating Effectively.txt in Resources */,
				789D8AB72BE3694F004E0EA5 /* Word.json in Resources */,
			);
			runOnlyForDeploymentPostprocessing = 0;
		};
/* End PBXResourcesBuildPhase section */

/* Begin PBXSourcesBuildPhase section */
		785664BE2BD66FBF008A9EF1 /* Sources */ = {
			isa = PBXSourcesBuildPhase;
			buildActionMask = 2147483647;
			files = (
				78B99B842C1464DC00988955 /* CreateWordBookTip.swift in Sources */,
				781C5B162BE0732400FB394B /* WebService.swift in Sources */,
				788B03792C0E9C77006338B3 /* CustomHeadlinePageControl.swift in Sources */,
				788B037D2C0EC8FE006338B3 /* StoryReadingView.swift in Sources */,
				78FE73042BF891DB006A23D4 /* LoadingStateManager.swift in Sources */,
				78FE73022BF76DDA006A23D4 /* CustomDialogView.swift in Sources */,
				785664DA2BD871C1008A9EF1 /* ShortcutView.swift in Sources */,
				78B99B8A2C14889900988955 /* DictionaryTip.swift in Sources */,
				785664D42BD6728A008A9EF1 /* WebView.swift in Sources */,
				78B99B7F2C1129AC00988955 /* StoryReadingVM.swift in Sources */,
				781C5B212BE0791100FB394B /* Headline.swift in Sources */,
				781C5B0F2BDF2BAD00FB394B /* AlertView.swift in Sources */,
				781C5B232BE1C3A300FB394B /* PhotoPickerVM.swift in Sources */,
				785664E12BD88356008A9EF1 /* HomeVM.swift in Sources */,
				7863F3ED2C0AF93300EE828B /* RewardAdsManager.swift in Sources */,
				78B99B772C1033E700988955 /* Book.swift in Sources */,
				781C5B1A2BE075A700FB394B /* MockDataService.swift in Sources */,
				78B99B9B2C187E4E00988955 /* DeviceType.swift in Sources */,
				788B03672C0D323E006338B3 /* RewardedView.swift in Sources */,
				789D8AB92BE43959004E0EA5 /* Word.swift in Sources */,
				785664C82BD66FBF008A9EF1 /* HomeView.swift in Sources */,
				789D8AC82BE84A6B004E0EA5 /* TabBar.swift in Sources */,
				7825C1112BEDF9130049E53D /* AllWordsView.swift in Sources */,
				781C5B1F2BE078C700FB394B /* HeadlineView.swift in Sources */,
				78B99B862C146FAD00988955 /* SwipeActionInWordBookTip.swift in Sources */,
				780BA77D2C1A79AD0036B08B /* MarkAsRead.swift in Sources */,
				781C5B112BDF6A3000FB394B /* EditingView.swift in Sources */,
				78B99B812C1438A600988955 /* SplashView.swift in Sources */,
				789D8AC62BE70CB8004E0EA5 /* WordBookVM.swift in Sources */,
				78B99B702C0FF04800988955 /* DailyStoryListView.swift in Sources */,
				789D8ABB2BE43F92004E0EA5 /* DefinitionVM.swift in Sources */,
				7837A8492C096E0900104E5E /* ProgressHeadLineView.swift in Sources */,
				781C5B1D2BE0768600FB394B /* Extension.swift in Sources */,
				78B99B722C102EEB00988955 /* BookRowView.swift in Sources */,
				781C5B252BE1C43A00FB394B /* PhotoPickerView.swift in Sources */,
				78B99B8C2C148CFD00988955 /* RequestCounterTip.swift in Sources */,
				788B037F2C0ED3E2006338B3 /* BannerAdsManager.swift in Sources */,
				780BA77F2C1C0BF90036B08B /* HapticManager.swift in Sources */,
				789D8AC22BE70252004E0EA5 /* WordBook.swift in Sources */,
				788B036D2C0DD034006338B3 /* RequestManager.swift in Sources */,
				785664DE2BD88240008A9EF1 /* Link.swift in Sources */,
				78B99B982C16C11C00988955 /* Localization.swift in Sources */,
				785664C62BD66FBF008A9EF1 /* BookwormApp.swift in Sources */,
				78FE730A2BFBFDBC006A23D4 /* ProgressVM.swift in Sources */,
				789D8AC42BE7074F004E0EA5 /* SavedWordsListView.swift in Sources */,
				785664E32BD8E13B008A9EF1 /* AddOrEditLinkView.swift in Sources */,
				78B99B882C147B6000988955 /* SwipeActionInAddOrEditLinkTip.swift in Sources */,
				78B99BA82C198D7F00988955 /* AnalyticsManager.swift in Sources */,
				789D8AC02BE70044004E0EA5 /* WordBookView.swift in Sources */,
				785664D82BD71C0F008A9EF1 /* DefinitionView.swift in Sources */,
				787AD29B2C00416E00910ADD /* Shortcut.swift in Sources */,
				788B03692C0D91AB006338B3 /* WordRequestCounterView.swift in Sources */,
				78B99B9D2C19564300988955 /* DeviceInfo.swift in Sources */,
				780BA7842C2007890036B08B /* ReviewRequestManager.swift in Sources */,
			);
			runOnlyForDeploymentPostprocessing = 0;
		};
/* End PBXSourcesBuildPhase section */

/* Begin PBXVariantGroup section */
		78B99B8F2C168FFC00988955 /* Localizable.strings */ = {
			isa = PBXVariantGroup;
			children = (
				78B99B902C168FFC00988955 /* en */,
				78B99B922C16900600988955 /* fr */,
				78B99B932C16906700988955 /* de */,
				78B99B942C16906700988955 /* ja */,
				78B99B952C16906800988955 /* ko */,
				78B99B962C16906B00988955 /* vi */,
			);
			name = Localizable.strings;
			sourceTree = "<group>";
		};
/* End PBXVariantGroup section */

/* Begin XCBuildConfiguration section */
		785664CE2BD66FC1008A9EF1 /* Debug */ = {
			isa = XCBuildConfiguration;
			baseConfigurationReference = 788B03652C0C69D9006338B3 /* Config.xcconfig */;
			buildSettings = {
				ALWAYS_SEARCH_USER_PATHS = NO;
				ASSETCATALOG_COMPILER_GENERATE_SWIFT_ASSET_SYMBOL_EXTENSIONS = YES;
				CLANG_ANALYZER_NONNULL = YES;
				CLANG_ANALYZER_NUMBER_OBJECT_CONVERSION = YES_AGGRESSIVE;
				CLANG_CXX_LANGUAGE_STANDARD = "gnu++20";
				CLANG_ENABLE_MODULES = YES;
				CLANG_ENABLE_OBJC_ARC = YES;
				CLANG_ENABLE_OBJC_WEAK = YES;
				CLANG_WARN_BLOCK_CAPTURE_AUTORELEASING = YES;
				CLANG_WARN_BOOL_CONVERSION = YES;
				CLANG_WARN_COMMA = YES;
				CLANG_WARN_CONSTANT_CONVERSION = YES;
				CLANG_WARN_DEPRECATED_OBJC_IMPLEMENTATIONS = YES;
				CLANG_WARN_DIRECT_OBJC_ISA_USAGE = YES_ERROR;
				CLANG_WARN_DOCUMENTATION_COMMENTS = YES;
				CLANG_WARN_EMPTY_BODY = YES;
				CLANG_WARN_ENUM_CONVERSION = YES;
				CLANG_WARN_INFINITE_RECURSION = YES;
				CLANG_WARN_INT_CONVERSION = YES;
				CLANG_WARN_NON_LITERAL_NULL_CONVERSION = YES;
				CLANG_WARN_OBJC_IMPLICIT_RETAIN_SELF = YES;
				CLANG_WARN_OBJC_LITERAL_CONVERSION = YES;
				CLANG_WARN_OBJC_ROOT_CLASS = YES_ERROR;
				CLANG_WARN_QUOTED_INCLUDE_IN_FRAMEWORK_HEADER = YES;
				CLANG_WARN_RANGE_LOOP_ANALYSIS = YES;
				CLANG_WARN_STRICT_PROTOTYPES = YES;
				CLANG_WARN_SUSPICIOUS_MOVE = YES;
				CLANG_WARN_UNGUARDED_AVAILABILITY = YES_AGGRESSIVE;
				CLANG_WARN_UNREACHABLE_CODE = YES;
				CLANG_WARN__DUPLICATE_METHOD_MATCH = YES;
				COPY_PHASE_STRIP = NO;
				DEBUG_INFORMATION_FORMAT = dwarf;
				ENABLE_STRICT_OBJC_MSGSEND = YES;
				ENABLE_TESTABILITY = YES;
				ENABLE_USER_SCRIPT_SANDBOXING = YES;
				GCC_C_LANGUAGE_STANDARD = gnu17;
				GCC_DYNAMIC_NO_PIC = NO;
				GCC_NO_COMMON_BLOCKS = YES;
				GCC_OPTIMIZATION_LEVEL = 0;
				GCC_PREPROCESSOR_DEFINITIONS = (
					"DEBUG=1",
					"$(inherited)",
				);
				GCC_WARN_64_TO_32_BIT_CONVERSION = YES;
				GCC_WARN_ABOUT_RETURN_TYPE = YES_ERROR;
				GCC_WARN_UNDECLARED_SELECTOR = YES;
				GCC_WARN_UNINITIALIZED_AUTOS = YES_AGGRESSIVE;
				GCC_WARN_UNUSED_FUNCTION = YES;
				GCC_WARN_UNUSED_VARIABLE = YES;
				IPHONEOS_DEPLOYMENT_TARGET = 17.2;
				LOCALIZATION_PREFERS_STRING_CATALOGS = YES;
				MTL_ENABLE_DEBUG_INFO = INCLUDE_SOURCE;
				MTL_FAST_MATH = YES;
				ONLY_ACTIVE_ARCH = YES;
				SDKROOT = iphoneos;
				SWIFT_ACTIVE_COMPILATION_CONDITIONS = "DEBUG $(inherited)";
				SWIFT_OPTIMIZATION_LEVEL = "-Onone";
			};
			name = Debug;
		};
		785664CF2BD66FC1008A9EF1 /* Release */ = {
			isa = XCBuildConfiguration;
			baseConfigurationReference = 788B03652C0C69D9006338B3 /* Config.xcconfig */;
			buildSettings = {
				ALWAYS_SEARCH_USER_PATHS = NO;
				ASSETCATALOG_COMPILER_GENERATE_SWIFT_ASSET_SYMBOL_EXTENSIONS = YES;
				CLANG_ANALYZER_NONNULL = YES;
				CLANG_ANALYZER_NUMBER_OBJECT_CONVERSION = YES_AGGRESSIVE;
				CLANG_CXX_LANGUAGE_STANDARD = "gnu++20";
				CLANG_ENABLE_MODULES = YES;
				CLANG_ENABLE_OBJC_ARC = YES;
				CLANG_ENABLE_OBJC_WEAK = YES;
				CLANG_WARN_BLOCK_CAPTURE_AUTORELEASING = YES;
				CLANG_WARN_BOOL_CONVERSION = YES;
				CLANG_WARN_COMMA = YES;
				CLANG_WARN_CONSTANT_CONVERSION = YES;
				CLANG_WARN_DEPRECATED_OBJC_IMPLEMENTATIONS = YES;
				CLANG_WARN_DIRECT_OBJC_ISA_USAGE = YES_ERROR;
				CLANG_WARN_DOCUMENTATION_COMMENTS = YES;
				CLANG_WARN_EMPTY_BODY = YES;
				CLANG_WARN_ENUM_CONVERSION = YES;
				CLANG_WARN_INFINITE_RECURSION = YES;
				CLANG_WARN_INT_CONVERSION = YES;
				CLANG_WARN_NON_LITERAL_NULL_CONVERSION = YES;
				CLANG_WARN_OBJC_IMPLICIT_RETAIN_SELF = YES;
				CLANG_WARN_OBJC_LITERAL_CONVERSION = YES;
				CLANG_WARN_OBJC_ROOT_CLASS = YES_ERROR;
				CLANG_WARN_QUOTED_INCLUDE_IN_FRAMEWORK_HEADER = YES;
				CLANG_WARN_RANGE_LOOP_ANALYSIS = YES;
				CLANG_WARN_STRICT_PROTOTYPES = YES;
				CLANG_WARN_SUSPICIOUS_MOVE = YES;
				CLANG_WARN_UNGUARDED_AVAILABILITY = YES_AGGRESSIVE;
				CLANG_WARN_UNREACHABLE_CODE = YES;
				CLANG_WARN__DUPLICATE_METHOD_MATCH = YES;
				COPY_PHASE_STRIP = NO;
				DEBUG_INFORMATION_FORMAT = "dwarf-with-dsym";
				ENABLE_NS_ASSERTIONS = NO;
				ENABLE_STRICT_OBJC_MSGSEND = YES;
				ENABLE_USER_SCRIPT_SANDBOXING = YES;
				GCC_C_LANGUAGE_STANDARD = gnu17;
				GCC_NO_COMMON_BLOCKS = YES;
				GCC_WARN_64_TO_32_BIT_CONVERSION = YES;
				GCC_WARN_ABOUT_RETURN_TYPE = YES_ERROR;
				GCC_WARN_UNDECLARED_SELECTOR = YES;
				GCC_WARN_UNINITIALIZED_AUTOS = YES_AGGRESSIVE;
				GCC_WARN_UNUSED_FUNCTION = YES;
				GCC_WARN_UNUSED_VARIABLE = YES;
				IPHONEOS_DEPLOYMENT_TARGET = 17.2;
				LOCALIZATION_PREFERS_STRING_CATALOGS = YES;
				MTL_ENABLE_DEBUG_INFO = NO;
				MTL_FAST_MATH = YES;
				SDKROOT = iphoneos;
				SWIFT_COMPILATION_MODE = wholemodule;
				VALIDATE_PRODUCT = YES;
			};
			name = Release;
		};
		785664D12BD66FC1008A9EF1 /* Debug */ = {
			isa = XCBuildConfiguration;
			buildSettings = {
				ASSETCATALOG_COMPILER_APPICON_NAME = AppIcon;
				ASSETCATALOG_COMPILER_GLOBAL_ACCENT_COLOR_NAME = AccentColor;
				CODE_SIGN_STYLE = Automatic;
				CURRENT_PROJECT_VERSION = 1;
				DEVELOPMENT_ASSET_PATHS = "\"Bookworm/Preview Content\"";
				DEVELOPMENT_TEAM = 49H596ZHS6;
				ENABLE_PREVIEWS = YES;
				GENERATE_INFOPLIST_FILE = YES;
				INFOPLIST_FILE = Bookworm/Info.plist;
				INFOPLIST_KEY_UIApplicationSceneManifest_Generation = YES;
				INFOPLIST_KEY_UIApplicationSupportsIndirectInputEvents = YES;
				INFOPLIST_KEY_UILaunchScreen_Generation = YES;
				INFOPLIST_KEY_UISupportedInterfaceOrientations_iPad = "UIInterfaceOrientationPortrait UIInterfaceOrientationPortraitUpsideDown UIInterfaceOrientationLandscapeLeft UIInterfaceOrientationLandscapeRight";
				INFOPLIST_KEY_UISupportedInterfaceOrientations_iPhone = "UIInterfaceOrientationPortrait UIInterfaceOrientationLandscapeLeft UIInterfaceOrientationLandscapeRight";
				IPHONEOS_DEPLOYMENT_TARGET = 17.0;
				LD_RUNPATH_SEARCH_PATHS = (
					"$(inherited)",
					"@executable_path/Frameworks",
				);
				MARKETING_VERSION = 1.0;
				"OTHER_LDFLAGS[arch=*]" = "-ObjC";
				PRODUCT_BUNDLE_IDENTIFIER = com.bii.Bookworm;
				PRODUCT_NAME = "$(TARGET_NAME)";
				SWIFT_EMIT_LOC_STRINGS = YES;
				SWIFT_VERSION = 5.0;
				TARGETED_DEVICE_FAMILY = "1,2";
			};
			name = Debug;
		};
		785664D22BD66FC1008A9EF1 /* Release */ = {
			isa = XCBuildConfiguration;
			buildSettings = {
				ASSETCATALOG_COMPILER_APPICON_NAME = AppIcon;
				ASSETCATALOG_COMPILER_GLOBAL_ACCENT_COLOR_NAME = AccentColor;
				CODE_SIGN_STYLE = Automatic;
				CURRENT_PROJECT_VERSION = 1;
				DEVELOPMENT_ASSET_PATHS = "\"Bookworm/Preview Content\"";
				DEVELOPMENT_TEAM = 49H596ZHS6;
				ENABLE_PREVIEWS = YES;
				GENERATE_INFOPLIST_FILE = YES;
				INFOPLIST_FILE = Bookworm/Info.plist;
				INFOPLIST_KEY_UIApplicationSceneManifest_Generation = YES;
				INFOPLIST_KEY_UIApplicationSupportsIndirectInputEvents = YES;
				INFOPLIST_KEY_UILaunchScreen_Generation = YES;
				INFOPLIST_KEY_UISupportedInterfaceOrientations_iPad = "UIInterfaceOrientationPortrait UIInterfaceOrientationPortraitUpsideDown UIInterfaceOrientationLandscapeLeft UIInterfaceOrientationLandscapeRight";
				INFOPLIST_KEY_UISupportedInterfaceOrientations_iPhone = "UIInterfaceOrientationPortrait UIInterfaceOrientationLandscapeLeft UIInterfaceOrientationLandscapeRight";
				IPHONEOS_DEPLOYMENT_TARGET = 17.0;
				LD_RUNPATH_SEARCH_PATHS = (
					"$(inherited)",
					"@executable_path/Frameworks",
				);
				MARKETING_VERSION = 1.0;
				"OTHER_LDFLAGS[arch=*]" = "-ObjC";
				PRODUCT_BUNDLE_IDENTIFIER = com.bii.Bookworm;
				PRODUCT_NAME = "$(TARGET_NAME)";
				SWIFT_EMIT_LOC_STRINGS = YES;
				SWIFT_VERSION = 5.0;
				TARGETED_DEVICE_FAMILY = "1,2";
			};
			name = Release;
		};
/* End XCBuildConfiguration section */

/* Begin XCConfigurationList section */
		785664BD2BD66FBF008A9EF1 /* Build configuration list for PBXProject "Bookworm" */ = {
			isa = XCConfigurationList;
			buildConfigurations = (
				785664CE2BD66FC1008A9EF1 /* Debug */,
				785664CF2BD66FC1008A9EF1 /* Release */,
			);
			defaultConfigurationIsVisible = 0;
			defaultConfigurationName = Release;
		};
		785664D02BD66FC1008A9EF1 /* Build configuration list for PBXNativeTarget "Bookworm" */ = {
			isa = XCConfigurationList;
			buildConfigurations = (
				785664D12BD66FC1008A9EF1 /* Debug */,
				785664D22BD66FC1008A9EF1 /* Release */,
			);
			defaultConfigurationIsVisible = 0;
			defaultConfigurationName = Release;
		};
/* End XCConfigurationList section */

/* Begin XCRemoteSwiftPackageReference section */
		7863F3E52C0AF5F000EE828B /* XCRemoteSwiftPackageReference "swift-package-manager-google-mobile-ads" */ = {
			isa = XCRemoteSwiftPackageReference;
			repositoryURL = "https://github.com/googleads/swift-package-manager-google-mobile-ads.git";
			requirement = {
				kind = upToNextMinorVersion;
				minimumVersion = 11.5.0;
			};
		};
		789D8ABC2BE4B250004E0EA5 /* XCRemoteSwiftPackageReference "SwiftyJSON" */ = {
			isa = XCRemoteSwiftPackageReference;
			repositoryURL = "https://github.com/SwiftyJSON/SwiftyJSON.git";
			requirement = {
				kind = exactVersion;
				version = 5.0.2;
			};
		};
		78B99BA02C19801700988955 /* XCRemoteSwiftPackageReference "firebase-ios-sdk" */ = {
			isa = XCRemoteSwiftPackageReference;
			repositoryURL = "https://github.com/firebase/firebase-ios-sdk";
			requirement = {
				kind = exactVersion;
				version = 10.27.0;
			};
		};
/* End XCRemoteSwiftPackageReference section */

/* Begin XCSwiftPackageProductDependency section */
		7863F3E62C0AF5F000EE828B /* GoogleMobileAds */ = {
			isa = XCSwiftPackageProductDependency;
			package = 7863F3E52C0AF5F000EE828B /* XCRemoteSwiftPackageReference "swift-package-manager-google-mobile-ads" */;
			productName = GoogleMobileAds;
		};
		789D8ABD2BE4B250004E0EA5 /* SwiftyJSON */ = {
			isa = XCSwiftPackageProductDependency;
			package = 789D8ABC2BE4B250004E0EA5 /* XCRemoteSwiftPackageReference "SwiftyJSON" */;
			productName = SwiftyJSON;
		};
		78B99BA12C19801700988955 /* FirebaseAnalytics */ = {
			isa = XCSwiftPackageProductDependency;
			package = 78B99BA02C19801700988955 /* XCRemoteSwiftPackageReference "firebase-ios-sdk" */;
			productName = FirebaseAnalytics;
		};
/* End XCSwiftPackageProductDependency section */
	};
	rootObject = 785664BA2BD66FBF008A9EF1 /* Project object */;
}
