// !$*UTF8*$!
{
	archiveVersion = 1;
	classes = {
	};
	objectVersion = 56;
	objects = {

/* Begin PBXBuildFile section */
		781C5B0F2BDF2BAD00FB394B /* AlertView.swift in Sources */ = {isa = PBXBuildFile; fileRef = 781C5B0E2BDF2BAD00FB394B /* AlertView.swift */; };
		781C5B112BDF6A3000FB394B /* EditingView.swift in Sources */ = {isa = PBXBuildFile; fileRef = 781C5B102BDF6A3000FB394B /* EditingView.swift */; };
		781C5B142BE06EEB00FB394B /* Headlines.json in Resources */ = {isa = PBXBuildFile; fileRef = 781C5B132BE06EEB00FB394B /* Headlines.json */; };
		781C5B162BE0732400FB394B /* WebService.swift in Sources */ = {isa = PBXBuildFile; fileRef = 781C5B152BE0732400FB394B /* WebService.swift */; };
		781C5B1A2BE075A700FB394B /* MockDataService.swift in Sources */ = {isa = PBXBuildFile; fileRef = 781C5B192BE075A700FB394B /* MockDataService.swift */; };
		781C5B1D2BE0768600FB394B /* Extension.swift in Sources */ = {isa = PBXBuildFile; fileRef = 781C5B1C2BE0768600FB394B /* Extension.swift */; };
		781C5B1F2BE078C700FB394B /* HeadlineView.swift in Sources */ = {isa = PBXBuildFile; fileRef = 781C5B1E2BE078C700FB394B /* HeadlineView.swift */; };
		781C5B212BE0791100FB394B /* Headline.swift in Sources */ = {isa = PBXBuildFile; fileRef = 781C5B202BE0791100FB394B /* Headline.swift */; };
		781C5B232BE1C3A300FB394B /* PhotoPickerVM.swift in Sources */ = {isa = PBXBuildFile; fileRef = 781C5B222BE1C3A300FB394B /* PhotoPickerVM.swift */; };
		781C5B252BE1C43A00FB394B /* PhotoPickerView.swift in Sources */ = {isa = PBXBuildFile; fileRef = 781C5B242BE1C43A00FB394B /* PhotoPickerView.swift */; };
		785664C62BD66FBF008A9EF1 /* BookwormApp.swift in Sources */ = {isa = PBXBuildFile; fileRef = 785664C52BD66FBF008A9EF1 /* BookwormApp.swift */; };
		785664C82BD66FBF008A9EF1 /* HomeView.swift in Sources */ = {isa = PBXBuildFile; fileRef = 785664C72BD66FBF008A9EF1 /* HomeView.swift */; };
		785664CA2BD66FC1008A9EF1 /* Assets.xcassets in Resources */ = {isa = PBXBuildFile; fileRef = 785664C92BD66FC1008A9EF1 /* Assets.xcassets */; };
		785664CD2BD66FC1008A9EF1 /* Preview Assets.xcassets in Resources */ = {isa = PBXBuildFile; fileRef = 785664CC2BD66FC1008A9EF1 /* Preview Assets.xcassets */; };
		785664D42BD6728A008A9EF1 /* WebView.swift in Sources */ = {isa = PBXBuildFile; fileRef = 785664D32BD6728A008A9EF1 /* WebView.swift */; };
		785664D82BD71C0F008A9EF1 /* DefinitionView.swift in Sources */ = {isa = PBXBuildFile; fileRef = 785664D72BD71C0F008A9EF1 /* DefinitionView.swift */; };
		785664DA2BD871C1008A9EF1 /* ShortcutView.swift in Sources */ = {isa = PBXBuildFile; fileRef = 785664D92BD871C1008A9EF1 /* ShortcutView.swift */; };
		785664DE2BD88240008A9EF1 /* Link.swift in Sources */ = {isa = PBXBuildFile; fileRef = 785664DD2BD88240008A9EF1 /* Link.swift */; };
		785664E12BD88356008A9EF1 /* HomeVM.swift in Sources */ = {isa = PBXBuildFile; fileRef = 785664E02BD88356008A9EF1 /* HomeVM.swift */; };
		785664E32BD8E13B008A9EF1 /* AddLinkView.swift in Sources */ = {isa = PBXBuildFile; fileRef = 785664E22BD8E13B008A9EF1 /* AddLinkView.swift */; };
		789D8AB72BE3694F004E0EA5 /* Word.json in Resources */ = {isa = PBXBuildFile; fileRef = 789D8AB62BE3694F004E0EA5 /* Word.json */; };
		789D8AB92BE43959004E0EA5 /* Word.swift in Sources */ = {isa = PBXBuildFile; fileRef = 789D8AB82BE43959004E0EA5 /* Word.swift */; };
		789D8ABB2BE43F92004E0EA5 /* DefinitionVM.swift in Sources */ = {isa = PBXBuildFile; fileRef = 789D8ABA2BE43F92004E0EA5 /* DefinitionVM.swift */; };
		789D8ABE2BE4B250004E0EA5 /* SwiftyJSON in Frameworks */ = {isa = PBXBuildFile; productRef = 789D8ABD2BE4B250004E0EA5 /* SwiftyJSON */; };
/* End PBXBuildFile section */

/* Begin PBXFileReference section */
		781C5B0E2BDF2BAD00FB394B /* AlertView.swift */ = {isa = PBXFileReference; lastKnownFileType = sourcecode.swift; path = AlertView.swift; sourceTree = "<group>"; };
		781C5B102BDF6A3000FB394B /* EditingView.swift */ = {isa = PBXFileReference; lastKnownFileType = sourcecode.swift; path = EditingView.swift; sourceTree = "<group>"; };
		781C5B132BE06EEB00FB394B /* Headlines.json */ = {isa = PBXFileReference; lastKnownFileType = text.json; path = Headlines.json; sourceTree = "<group>"; };
		781C5B152BE0732400FB394B /* WebService.swift */ = {isa = PBXFileReference; lastKnownFileType = sourcecode.swift; path = WebService.swift; sourceTree = "<group>"; };
		781C5B192BE075A700FB394B /* MockDataService.swift */ = {isa = PBXFileReference; lastKnownFileType = sourcecode.swift; path = MockDataService.swift; sourceTree = "<group>"; };
		781C5B1C2BE0768600FB394B /* Extension.swift */ = {isa = PBXFileReference; lastKnownFileType = sourcecode.swift; path = Extension.swift; sourceTree = "<group>"; };
		781C5B1E2BE078C700FB394B /* HeadlineView.swift */ = {isa = PBXFileReference; lastKnownFileType = sourcecode.swift; path = HeadlineView.swift; sourceTree = "<group>"; };
		781C5B202BE0791100FB394B /* Headline.swift */ = {isa = PBXFileReference; lastKnownFileType = sourcecode.swift; path = Headline.swift; sourceTree = "<group>"; };
		781C5B222BE1C3A300FB394B /* PhotoPickerVM.swift */ = {isa = PBXFileReference; lastKnownFileType = sourcecode.swift; path = PhotoPickerVM.swift; sourceTree = "<group>"; };
		781C5B242BE1C43A00FB394B /* PhotoPickerView.swift */ = {isa = PBXFileReference; lastKnownFileType = sourcecode.swift; path = PhotoPickerView.swift; sourceTree = "<group>"; };
		785664C22BD66FBF008A9EF1 /* Bookworm.app */ = {isa = PBXFileReference; explicitFileType = wrapper.application; includeInIndex = 0; path = Bookworm.app; sourceTree = BUILT_PRODUCTS_DIR; };
		785664C52BD66FBF008A9EF1 /* BookwormApp.swift */ = {isa = PBXFileReference; lastKnownFileType = sourcecode.swift; path = BookwormApp.swift; sourceTree = "<group>"; };
		785664C72BD66FBF008A9EF1 /* HomeView.swift */ = {isa = PBXFileReference; lastKnownFileType = sourcecode.swift; path = HomeView.swift; sourceTree = "<group>"; };
		785664C92BD66FC1008A9EF1 /* Assets.xcassets */ = {isa = PBXFileReference; lastKnownFileType = folder.assetcatalog; path = Assets.xcassets; sourceTree = "<group>"; };
		785664CC2BD66FC1008A9EF1 /* Preview Assets.xcassets */ = {isa = PBXFileReference; lastKnownFileType = folder.assetcatalog; path = "Preview Assets.xcassets"; sourceTree = "<group>"; };
		785664D32BD6728A008A9EF1 /* WebView.swift */ = {isa = PBXFileReference; lastKnownFileType = sourcecode.swift; path = WebView.swift; sourceTree = "<group>"; };
		785664D72BD71C0F008A9EF1 /* DefinitionView.swift */ = {isa = PBXFileReference; lastKnownFileType = sourcecode.swift; path = DefinitionView.swift; sourceTree = "<group>"; };
		785664D92BD871C1008A9EF1 /* ShortcutView.swift */ = {isa = PBXFileReference; lastKnownFileType = sourcecode.swift; path = ShortcutView.swift; sourceTree = "<group>"; };
		785664DD2BD88240008A9EF1 /* Link.swift */ = {isa = PBXFileReference; lastKnownFileType = sourcecode.swift; path = Link.swift; sourceTree = "<group>"; };
		785664E02BD88356008A9EF1 /* HomeVM.swift */ = {isa = PBXFileReference; lastKnownFileType = sourcecode.swift; path = HomeVM.swift; sourceTree = "<group>"; };
		785664E22BD8E13B008A9EF1 /* AddLinkView.swift */ = {isa = PBXFileReference; lastKnownFileType = sourcecode.swift; path = AddLinkView.swift; sourceTree = "<group>"; };
		789D8AB62BE3694F004E0EA5 /* Word.json */ = {isa = PBXFileReference; lastKnownFileType = text.json; path = Word.json; sourceTree = "<group>"; };
		789D8AB82BE43959004E0EA5 /* Word.swift */ = {isa = PBXFileReference; lastKnownFileType = sourcecode.swift; path = Word.swift; sourceTree = "<group>"; };
		789D8ABA2BE43F92004E0EA5 /* DefinitionVM.swift */ = {isa = PBXFileReference; lastKnownFileType = sourcecode.swift; path = DefinitionVM.swift; sourceTree = "<group>"; };
/* End PBXFileReference section */

/* Begin PBXFrameworksBuildPhase section */
		785664BF2BD66FBF008A9EF1 /* Frameworks */ = {
			isa = PBXFrameworksBuildPhase;
			buildActionMask = 2147483647;
			files = (
				789D8ABE2BE4B250004E0EA5 /* SwiftyJSON in Frameworks */,
			);
			runOnlyForDeploymentPostprocessing = 0;
		};
/* End PBXFrameworksBuildPhase section */

/* Begin PBXGroup section */
		781C5B122BE0652D00FB394B /* Service */ = {
			isa = PBXGroup;
			children = (
				781C5B152BE0732400FB394B /* WebService.swift */,
				781C5B192BE075A700FB394B /* MockDataService.swift */,
			);
			path = Service;
			sourceTree = "<group>";
		};
		781C5B1B2BE0766500FB394B /* Extension */ = {
			isa = PBXGroup;
			children = (
				781C5B1C2BE0768600FB394B /* Extension.swift */,
			);
			path = Extension;
			sourceTree = "<group>";
		};
		785664B92BD66FBF008A9EF1 = {
			isa = PBXGroup;
			children = (
				785664C42BD66FBF008A9EF1 /* Bookworm */,
				785664C32BD66FBF008A9EF1 /* Products */,
			);
			sourceTree = "<group>";
		};
		785664C32BD66FBF008A9EF1 /* Products */ = {
			isa = PBXGroup;
			children = (
				785664C22BD66FBF008A9EF1 /* Bookworm.app */,
			);
			name = Products;
			sourceTree = "<group>";
		};
		785664C42BD66FBF008A9EF1 /* Bookworm */ = {
			isa = PBXGroup;
			children = (
				785664C52BD66FBF008A9EF1 /* BookwormApp.swift */,
				785664DB2BD881E2008A9EF1 /* Views */,
				785664DF2BD88313008A9EF1 /* View Models */,
				785664DC2BD881F5008A9EF1 /* Models */,
				781C5B122BE0652D00FB394B /* Service */,
				781C5B1B2BE0766500FB394B /* Extension */,
				785664C92BD66FC1008A9EF1 /* Assets.xcassets */,
				785664CB2BD66FC1008A9EF1 /* Preview Content */,
			);
			path = Bookworm;
			sourceTree = "<group>";
		};
		785664CB2BD66FC1008A9EF1 /* Preview Content */ = {
			isa = PBXGroup;
			children = (
				785664CC2BD66FC1008A9EF1 /* Preview Assets.xcassets */,
			);
			path = "Preview Content";
			sourceTree = "<group>";
		};
		785664DB2BD881E2008A9EF1 /* Views */ = {
			isa = PBXGroup;
			children = (
				785664C72BD66FBF008A9EF1 /* HomeView.swift */,
				785664E22BD8E13B008A9EF1 /* AddLinkView.swift */,
				781C5B102BDF6A3000FB394B /* EditingView.swift */,
				785664D92BD871C1008A9EF1 /* ShortcutView.swift */,
				785664D72BD71C0F008A9EF1 /* DefinitionView.swift */,
				785664D32BD6728A008A9EF1 /* WebView.swift */,
				781C5B0E2BDF2BAD00FB394B /* AlertView.swift */,
				781C5B1E2BE078C700FB394B /* HeadlineView.swift */,
				781C5B242BE1C43A00FB394B /* PhotoPickerView.swift */,
			);
			path = Views;
			sourceTree = "<group>";
		};
		785664DC2BD881F5008A9EF1 /* Models */ = {
			isa = PBXGroup;
			children = (
				785664DD2BD88240008A9EF1 /* Link.swift */,
				781C5B202BE0791100FB394B /* Headline.swift */,
				789D8AB82BE43959004E0EA5 /* Word.swift */,
				781C5B132BE06EEB00FB394B /* Headlines.json */,
				789D8AB62BE3694F004E0EA5 /* Word.json */,
			);
			path = Models;
			sourceTree = "<group>";
		};
		785664DF2BD88313008A9EF1 /* View Models */ = {
			isa = PBXGroup;
			children = (
				785664E02BD88356008A9EF1 /* HomeVM.swift */,
				781C5B222BE1C3A300FB394B /* PhotoPickerVM.swift */,
				789D8ABA2BE43F92004E0EA5 /* DefinitionVM.swift */,
			);
			path = "View Models";
			sourceTree = "<group>";
		};
/* End PBXGroup section */

/* Begin PBXNativeTarget section */
		785664C12BD66FBF008A9EF1 /* Bookworm */ = {
			isa = PBXNativeTarget;
			buildConfigurationList = 785664D02BD66FC1008A9EF1 /* Build configuration list for PBXNativeTarget "Bookworm" */;
			buildPhases = (
				785664BE2BD66FBF008A9EF1 /* Sources */,
				785664BF2BD66FBF008A9EF1 /* Frameworks */,
				785664C02BD66FBF008A9EF1 /* Resources */,
			);
			buildRules = (
			);
			dependencies = (
			);
			name = Bookworm;
			packageProductDependencies = (
				789D8ABD2BE4B250004E0EA5 /* SwiftyJSON */,
			);
			productName = Bookworm;
			productReference = 785664C22BD66FBF008A9EF1 /* Bookworm.app */;
			productType = "com.apple.product-type.application";
		};
/* End PBXNativeTarget section */

/* Begin PBXProject section */
		785664BA2BD66FBF008A9EF1 /* Project object */ = {
			isa = PBXProject;
			attributes = {
				BuildIndependentTargetsInParallel = 1;
				LastSwiftUpdateCheck = 1520;
				LastUpgradeCheck = 1520;
				TargetAttributes = {
					785664C12BD66FBF008A9EF1 = {
						CreatedOnToolsVersion = 15.2;
					};
				};
			};
			buildConfigurationList = 785664BD2BD66FBF008A9EF1 /* Build configuration list for PBXProject "Bookworm" */;
			compatibilityVersion = "Xcode 14.0";
			developmentRegion = en;
			hasScannedForEncodings = 0;
			knownRegions = (
				en,
				Base,
			);
			mainGroup = 785664B92BD66FBF008A9EF1;
			packageReferences = (
				789D8ABC2BE4B250004E0EA5 /* XCRemoteSwiftPackageReference "SwiftyJSON" */,
			);
			productRefGroup = 785664C32BD66FBF008A9EF1 /* Products */;
			projectDirPath = "";
			projectRoot = "";
			targets = (
				785664C12BD66FBF008A9EF1 /* Bookworm */,
			);
		};
/* End PBXProject section */

/* Begin PBXResourcesBuildPhase section */
		785664C02BD66FBF008A9EF1 /* Resources */ = {
			isa = PBXResourcesBuildPhase;
			buildActionMask = 2147483647;
			files = (
				781C5B142BE06EEB00FB394B /* Headlines.json in Resources */,
				785664CD2BD66FC1008A9EF1 /* Preview Assets.xcassets in Resources */,
				785664CA2BD66FC1008A9EF1 /* Assets.xcassets in Resources */,
				789D8AB72BE3694F004E0EA5 /* Word.json in Resources */,
			);
			runOnlyForDeploymentPostprocessing = 0;
		};
/* End PBXResourcesBuildPhase section */

/* Begin PBXSourcesBuildPhase section */
		785664BE2BD66FBF008A9EF1 /* Sources */ = {
			isa = PBXSourcesBuildPhase;
			buildActionMask = 2147483647;
			files = (
				781C5B162BE0732400FB394B /* WebService.swift in Sources */,
				785664DA2BD871C1008A9EF1 /* ShortcutView.swift in Sources */,
				785664D42BD6728A008A9EF1 /* WebView.swift in Sources */,
				781C5B212BE0791100FB394B /* Headline.swift in Sources */,
				781C5B0F2BDF2BAD00FB394B /* AlertView.swift in Sources */,
				781C5B232BE1C3A300FB394B /* PhotoPickerVM.swift in Sources */,
				785664E12BD88356008A9EF1 /* HomeVM.swift in Sources */,
				781C5B1A2BE075A700FB394B /* MockDataService.swift in Sources */,
				789D8AB92BE43959004E0EA5 /* Word.swift in Sources */,
				785664C82BD66FBF008A9EF1 /* HomeView.swift in Sources */,
				781C5B1F2BE078C700FB394B /* HeadlineView.swift in Sources */,
				781C5B112BDF6A3000FB394B /* EditingView.swift in Sources */,
				789D8ABB2BE43F92004E0EA5 /* DefinitionVM.swift in Sources */,
				781C5B1D2BE0768600FB394B /* Extension.swift in Sources */,
				781C5B252BE1C43A00FB394B /* PhotoPickerView.swift in Sources */,
				785664DE2BD88240008A9EF1 /* Link.swift in Sources */,
				785664C62BD66FBF008A9EF1 /* BookwormApp.swift in Sources */,
				785664E32BD8E13B008A9EF1 /* AddLinkView.swift in Sources */,
				785664D82BD71C0F008A9EF1 /* DefinitionView.swift in Sources */,
			);
			runOnlyForDeploymentPostprocessing = 0;
		};
/* End PBXSourcesBuildPhase section */

/* Begin XCBuildConfiguration section */
		785664CE2BD66FC1008A9EF1 /* Debug */ = {
			isa = XCBuildConfiguration;
			buildSettings = {
				ALWAYS_SEARCH_USER_PATHS = NO;
				ASSETCATALOG_COMPILER_GENERATE_SWIFT_ASSET_SYMBOL_EXTENSIONS = YES;
				CLANG_ANALYZER_NONNULL = YES;
				CLANG_ANALYZER_NUMBER_OBJECT_CONVERSION = YES_AGGRESSIVE;
				CLANG_CXX_LANGUAGE_STANDARD = "gnu++20";
				CLANG_ENABLE_MODULES = YES;
				CLANG_ENABLE_OBJC_ARC = YES;
				CLANG_ENABLE_OBJC_WEAK = YES;
				CLANG_WARN_BLOCK_CAPTURE_AUTORELEASING = YES;
				CLANG_WARN_BOOL_CONVERSION = YES;
				CLANG_WARN_COMMA = YES;
				CLANG_WARN_CONSTANT_CONVERSION = YES;
				CLANG_WARN_DEPRECATED_OBJC_IMPLEMENTATIONS = YES;
				CLANG_WARN_DIRECT_OBJC_ISA_USAGE = YES_ERROR;
				CLANG_WARN_DOCUMENTATION_COMMENTS = YES;
				CLANG_WARN_EMPTY_BODY = YES;
				CLANG_WARN_ENUM_CONVERSION = YES;
				CLANG_WARN_INFINITE_RECURSION = YES;
				CLANG_WARN_INT_CONVERSION = YES;
				CLANG_WARN_NON_LITERAL_NULL_CONVERSION = YES;
				CLANG_WARN_OBJC_IMPLICIT_RETAIN_SELF = YES;
				CLANG_WARN_OBJC_LITERAL_CONVERSION = YES;
				CLANG_WARN_OBJC_ROOT_CLASS = YES_ERROR;
				CLANG_WARN_QUOTED_INCLUDE_IN_FRAMEWORK_HEADER = YES;
				CLANG_WARN_RANGE_LOOP_ANALYSIS = YES;
				CLANG_WARN_STRICT_PROTOTYPES = YES;
				CLANG_WARN_SUSPICIOUS_MOVE = YES;
				CLANG_WARN_UNGUARDED_AVAILABILITY = YES_AGGRESSIVE;
				CLANG_WARN_UNREACHABLE_CODE = YES;
				CLANG_WARN__DUPLICATE_METHOD_MATCH = YES;
				COPY_PHASE_STRIP = NO;
				DEBUG_INFORMATION_FORMAT = dwarf;
				ENABLE_STRICT_OBJC_MSGSEND = YES;
				ENABLE_TESTABILITY = YES;
				ENABLE_USER_SCRIPT_SANDBOXING = YES;
				GCC_C_LANGUAGE_STANDARD = gnu17;
				GCC_DYNAMIC_NO_PIC = NO;
				GCC_NO_COMMON_BLOCKS = YES;
				GCC_OPTIMIZATION_LEVEL = 0;
				GCC_PREPROCESSOR_DEFINITIONS = (
					"DEBUG=1",
					"$(inherited)",
				);
				GCC_WARN_64_TO_32_BIT_CONVERSION = YES;
				GCC_WARN_ABOUT_RETURN_TYPE = YES_ERROR;
				GCC_WARN_UNDECLARED_SELECTOR = YES;
				GCC_WARN_UNINITIALIZED_AUTOS = YES_AGGRESSIVE;
				GCC_WARN_UNUSED_FUNCTION = YES;
				GCC_WARN_UNUSED_VARIABLE = YES;
				IPHONEOS_DEPLOYMENT_TARGET = 17.2;
				LOCALIZATION_PREFERS_STRING_CATALOGS = YES;
				MTL_ENABLE_DEBUG_INFO = INCLUDE_SOURCE;
				MTL_FAST_MATH = YES;
				ONLY_ACTIVE_ARCH = YES;
				SDKROOT = iphoneos;
				SWIFT_ACTIVE_COMPILATION_CONDITIONS = "DEBUG $(inherited)";
				SWIFT_OPTIMIZATION_LEVEL = "-Onone";
			};
			name = Debug;
		};
		785664CF2BD66FC1008A9EF1 /* Release */ = {
			isa = XCBuildConfiguration;
			buildSettings = {
				ALWAYS_SEARCH_USER_PATHS = NO;
				ASSETCATALOG_COMPILER_GENERATE_SWIFT_ASSET_SYMBOL_EXTENSIONS = YES;
				CLANG_ANALYZER_NONNULL = YES;
				CLANG_ANALYZER_NUMBER_OBJECT_CONVERSION = YES_AGGRESSIVE;
				CLANG_CXX_LANGUAGE_STANDARD = "gnu++20";
				CLANG_ENABLE_MODULES = YES;
				CLANG_ENABLE_OBJC_ARC = YES;
				CLANG_ENABLE_OBJC_WEAK = YES;
				CLANG_WARN_BLOCK_CAPTURE_AUTORELEASING = YES;
				CLANG_WARN_BOOL_CONVERSION = YES;
				CLANG_WARN_COMMA = YES;
				CLANG_WARN_CONSTANT_CONVERSION = YES;
				CLANG_WARN_DEPRECATED_OBJC_IMPLEMENTATIONS = YES;
				CLANG_WARN_DIRECT_OBJC_ISA_USAGE = YES_ERROR;
				CLANG_WARN_DOCUMENTATION_COMMENTS = YES;
				CLANG_WARN_EMPTY_BODY = YES;
				CLANG_WARN_ENUM_CONVERSION = YES;
				CLANG_WARN_INFINITE_RECURSION = YES;
				CLANG_WARN_INT_CONVERSION = YES;
				CLANG_WARN_NON_LITERAL_NULL_CONVERSION = YES;
				CLANG_WARN_OBJC_IMPLICIT_RETAIN_SELF = YES;
				CLANG_WARN_OBJC_LITERAL_CONVERSION = YES;
				CLANG_WARN_OBJC_ROOT_CLASS = YES_ERROR;
				CLANG_WARN_QUOTED_INCLUDE_IN_FRAMEWORK_HEADER = YES;
				CLANG_WARN_RANGE_LOOP_ANALYSIS = YES;
				CLANG_WARN_STRICT_PROTOTYPES = YES;
				CLANG_WARN_SUSPICIOUS_MOVE = YES;
				CLANG_WARN_UNGUARDED_AVAILABILITY = YES_AGGRESSIVE;
				CLANG_WARN_UNREACHABLE_CODE = YES;
				CLANG_WARN__DUPLICATE_METHOD_MATCH = YES;
				COPY_PHASE_STRIP = NO;
				DEBUG_INFORMATION_FORMAT = "dwarf-with-dsym";
				ENABLE_NS_ASSERTIONS = NO;
				ENABLE_STRICT_OBJC_MSGSEND = YES;
				ENABLE_USER_SCRIPT_SANDBOXING = YES;
				GCC_C_LANGUAGE_STANDARD = gnu17;
				GCC_NO_COMMON_BLOCKS = YES;
				GCC_WARN_64_TO_32_BIT_CONVERSION = YES;
				GCC_WARN_ABOUT_RETURN_TYPE = YES_ERROR;
				GCC_WARN_UNDECLARED_SELECTOR = YES;
				GCC_WARN_UNINITIALIZED_AUTOS = YES_AGGRESSIVE;
				GCC_WARN_UNUSED_FUNCTION = YES;
				GCC_WARN_UNUSED_VARIABLE = YES;
				IPHONEOS_DEPLOYMENT_TARGET = 17.2;
				LOCALIZATION_PREFERS_STRING_CATALOGS = YES;
				MTL_ENABLE_DEBUG_INFO = NO;
				MTL_FAST_MATH = YES;
				SDKROOT = iphoneos;
				SWIFT_COMPILATION_MODE = wholemodule;
				VALIDATE_PRODUCT = YES;
			};
			name = Release;
		};
		785664D12BD66FC1008A9EF1 /* Debug */ = {
			isa = XCBuildConfiguration;
			buildSettings = {
				ASSETCATALOG_COMPILER_APPICON_NAME = AppIcon;
				ASSETCATALOG_COMPILER_GLOBAL_ACCENT_COLOR_NAME = AccentColor;
				CODE_SIGN_STYLE = Automatic;
				CURRENT_PROJECT_VERSION = 1;
				DEVELOPMENT_ASSET_PATHS = "\"Bookworm/Preview Content\"";
				DEVELOPMENT_TEAM = 49H596ZHS6;
				ENABLE_PREVIEWS = YES;
				GENERATE_INFOPLIST_FILE = YES;
				INFOPLIST_KEY_UIApplicationSceneManifest_Generation = YES;
				INFOPLIST_KEY_UIApplicationSupportsIndirectInputEvents = YES;
				INFOPLIST_KEY_UILaunchScreen_Generation = YES;
				INFOPLIST_KEY_UISupportedInterfaceOrientations_iPad = "UIInterfaceOrientationPortrait UIInterfaceOrientationPortraitUpsideDown UIInterfaceOrientationLandscapeLeft UIInterfaceOrientationLandscapeRight";
				INFOPLIST_KEY_UISupportedInterfaceOrientations_iPhone = "UIInterfaceOrientationPortrait UIInterfaceOrientationLandscapeLeft UIInterfaceOrientationLandscapeRight";
				LD_RUNPATH_SEARCH_PATHS = (
					"$(inherited)",
					"@executable_path/Frameworks",
				);
				MARKETING_VERSION = 1.0;
				PRODUCT_BUNDLE_IDENTIFIER = com.bii.Bookworm;
				PRODUCT_NAME = "$(TARGET_NAME)";
				SWIFT_EMIT_LOC_STRINGS = YES;
				SWIFT_VERSION = 5.0;
				TARGETED_DEVICE_FAMILY = "1,2";
			};
			name = Debug;
		};
		785664D22BD66FC1008A9EF1 /* Release */ = {
			isa = XCBuildConfiguration;
			buildSettings = {
				ASSETCATALOG_COMPILER_APPICON_NAME = AppIcon;
				ASSETCATALOG_COMPILER_GLOBAL_ACCENT_COLOR_NAME = AccentColor;
				CODE_SIGN_STYLE = Automatic;
				CURRENT_PROJECT_VERSION = 1;
				DEVELOPMENT_ASSET_PATHS = "\"Bookworm/Preview Content\"";
				DEVELOPMENT_TEAM = 49H596ZHS6;
				ENABLE_PREVIEWS = YES;
				GENERATE_INFOPLIST_FILE = YES;
				INFOPLIST_KEY_UIApplicationSceneManifest_Generation = YES;
				INFOPLIST_KEY_UIApplicationSupportsIndirectInputEvents = YES;
				INFOPLIST_KEY_UILaunchScreen_Generation = YES;
				INFOPLIST_KEY_UISupportedInterfaceOrientations_iPad = "UIInterfaceOrientationPortrait UIInterfaceOrientationPortraitUpsideDown UIInterfaceOrientationLandscapeLeft UIInterfaceOrientationLandscapeRight";
				INFOPLIST_KEY_UISupportedInterfaceOrientations_iPhone = "UIInterfaceOrientationPortrait UIInterfaceOrientationLandscapeLeft UIInterfaceOrientationLandscapeRight";
				LD_RUNPATH_SEARCH_PATHS = (
					"$(inherited)",
					"@executable_path/Frameworks",
				);
				MARKETING_VERSION = 1.0;
				PRODUCT_BUNDLE_IDENTIFIER = com.bii.Bookworm;
				PRODUCT_NAME = "$(TARGET_NAME)";
				SWIFT_EMIT_LOC_STRINGS = YES;
				SWIFT_VERSION = 5.0;
				TARGETED_DEVICE_FAMILY = "1,2";
			};
			name = Release;
		};
/* End XCBuildConfiguration section */

/* Begin XCConfigurationList section */
		785664BD2BD66FBF008A9EF1 /* Build configuration list for PBXProject "Bookworm" */ = {
			isa = XCConfigurationList;
			buildConfigurations = (
				785664CE2BD66FC1008A9EF1 /* Debug */,
				785664CF2BD66FC1008A9EF1 /* Release */,
			);
			defaultConfigurationIsVisible = 0;
			defaultConfigurationName = Release;
		};
		785664D02BD66FC1008A9EF1 /* Build configuration list for PBXNativeTarget "Bookworm" */ = {
			isa = XCConfigurationList;
			buildConfigurations = (
				785664D12BD66FC1008A9EF1 /* Debug */,
				785664D22BD66FC1008A9EF1 /* Release */,
			);
			defaultConfigurationIsVisible = 0;
			defaultConfigurationName = Release;
		};
/* End XCConfigurationList section */

/* Begin XCRemoteSwiftPackageReference section */
		789D8ABC2BE4B250004E0EA5 /* XCRemoteSwiftPackageReference "SwiftyJSON" */ = {
			isa = XCRemoteSwiftPackageReference;
			repositoryURL = "https://github.com/SwiftyJSON/SwiftyJSON.git";
			requirement = {
				kind = upToNextMajorVersion;
				minimumVersion = 5.0.2;
			};
		};
/* End XCRemoteSwiftPackageReference section */

/* Begin XCSwiftPackageProductDependency section */
		789D8ABD2BE4B250004E0EA5 /* SwiftyJSON */ = {
			isa = XCSwiftPackageProductDependency;
			package = 789D8ABC2BE4B250004E0EA5 /* XCRemoteSwiftPackageReference "SwiftyJSON" */;
			productName = SwiftyJSON;
		};
/* End XCSwiftPackageProductDependency section */
	};
	rootObject = 785664BA2BD66FBF008A9EF1 /* Project object */;
}
